{
  "nodes": {
    "ghostty-config": {
      "locked": {
        "lastModified": 1780569924,
        "narHash": "sha256-zDb7Ajtf8WWGpzsPBDEhnEcZGUKPe+UWFTJn3aHrDz8=",
        "owner": "qFioofa",
        "repo": "qFioofa-Ghostty",
        "rev": "b9c9db7b4d43f8c260cd3deb32ae10f6686c7fd8",
        "type": "github"
      },
      "original": {
        "owner": "qFioofa",
        "repo": "qFioofa-Ghostty",
        "type": "github"
      }
    },
    "home-manager": {
      "inputs": {
        "nixpkgs": [
          "nixpkgs"
        ]
      },
      "locked": {
        "lastModified": 1781189114,
        "narHash": "sha256-5inaamLgUMWy+MOBE9ChF9QAF1o/74LFuHkI0W/9rqc=",
        "owner": "nix-community",
        "repo": "home-manager",
        "rev": "486595d2cf49cfcd649b58a284fa11ac0e34da22",
        "type": "github"
      },
      "original": {
        "owner": "nix-community",
        "repo": "home-manager",
        "type": "github"
      }
    },
    "niri": {
      "inputs": {
        "niri-stable": "niri-stable",
        "niri-unstable": "niri-unstable",
        "nixpkgs": [
          "nixpkgs"
        ],
        "nixpkgs-stable": "nixpkgs-stable",
        "xwayland-satellite-stable": "xwayland-satellite-stable",
        "xwayland-satellite-unstable": "xwayland-satellite-unstable"
      },
      "locked": {
        "lastModified": 1781038035,
        "narHash": "sha256-X+uFuOQVWiouzl7eSV5JUgg4CAbv779QgEqOxIo6Gls=",
        "owner": "sodiboo",
        "repo": "niri-flake",
        "rev": "27982962e1dee4994b05d2b0b4a29f8de2529a55",
        "type": "github"
      },
      "original": {
        "owner": "sodiboo",
        "repo": "niri-flake",
        "type": "github"
      }
    },
    "niri-stable": {
      "flake": false,
      "locked": {
        "lastModified": 1756556321,
        "narHash": "sha256-RLD89dfjN0RVO86C/Mot0T7aduCygPGaYbog566F0Qo=",
        "owner": "YaLTeR",
        "repo": "niri",
        "rev": "01be0e65f4eb91a9cd624ac0b76aaeab765c7294",
        "type": "github"
      },
      "original": {
        "owner": "YaLTeR",
        "ref": "v25.08",
        "repo": "niri",
        "type": "github"
      }
    },
    "niri-unstable": {
      "flake": false,
      "locked": {
        "lastModified": 1780938415,
        "narHash": "sha256-QHyIMGSbCQW8d5qbOrMsm6gem10bO3Au2YLa3alJfHo=",
        "owner": "YaLTeR",
        "repo": "niri",
        "rev": "6f1a2c5f0e8274223d4204b1f8d6f7f91538967e",
        "type": "github"
      },
      "original": {
        "owner": "YaLTeR",
        "repo": "niri",
        "type": "github"
      }
    },
    "nixpkgs": {
      "locked": {
        "lastModified": 1780749050,
        "narHash": "sha256-3av0pIjlOWQ6rDbNOmpUSvbNnJkGORQKKjb4LtCZsIY=",
        "owner": "NixOS",
        "repo": "nixpkgs",
        "rev": "a799d3e3886da994fa307f817a6bc705ae538eeb",
        "type": "github"
      },
      "original": {
        "owner": "NixOS",
        "ref": "nixos-unstable",
        "repo": "nixpkgs",
        "type": "github"
      }
    },
    "nixpkgs-nvim": {
      "locked": {
        "lastModified": 1774610258,
        "narHash": "sha256-HaThtroVD9wRdx7KQk0B75JmFcXlMUoEdDFNOMOlsOs=",
        "owner": "NixOS",
        "repo": "nixpkgs",
        "rev": "832efc09b4caf6b4569fbf9dc01bec3082a00611",
        "type": "github"
      },
      "original": {
        "owner": "NixOS",
        "repo": "nixpkgs",
        "rev": "832efc09b4caf6b4569fbf9dc01bec3082a00611",
        "type": "github"
      }
    },
    "nixpkgs-stable": {
      "locked": {
        "lastModified": 1780952837,
        "narHash": "sha256-Fwd1+spDtQ0hDyBwme6ufG3n4mY0UrjjFdYHv+G/Hds=",
        "owner": "NixOS",
        "repo": "nixpkgs",
        "rev": "e820eb4a444b46a19b2e03e8dfd2359439ff30fe",
        "type": "github"
      },
      "original": {
        "owner": "NixOS",
        "ref": "nixos-25.11",
        "repo": "nixpkgs",
        "type": "github"
      }
    },
    "root": {
      "inputs": {
        "ghostty-config": "ghostty-config",
        "home-manager": "home-manager",
        "niri": "niri",
        "nixpkgs": "nixpkgs",
        "nixpkgs-nvim": "nixpkgs-nvim",
        "tg-ws-proxy": "tg-ws-proxy",
        "tmux-config": "tmux-config",
        "wezterm-config": "wezterm-config",
        "zsh-config": "zsh-config"
      }
    },
    "tg-ws-proxy": {
      "inputs": {
        "nixpkgs": [
          "nixpkgs"
        ],
        "tg-ws-proxy-src": "tg-ws-proxy-src"
      },
      "locked": {
        "lastModified": 1776260769,
        "narHash": "sha256-9/aVUVEW/7aiq1QxUBR4o9Q9TV9lm6EZFQcBHvz/gdA=",
        "owner": "pialtor",
        "repo": "tg-ws-proxy-flake",
        "rev": "144a8670ce3d55fdca345c86f3351f72f357d4c8",
        "type": "github"
      },
      "original": {
        "owner": "pialtor",
        "repo": "tg-ws-proxy-flake",
        "type": "github"
      }
    },
    "tg-ws-proxy-src": {
      "flake": false,
      "locked": {
        "lastModified": 1776192974,
        "narHash": "sha256-xOzFclddqk5ILz2cp3It9aW7vR9+OoTgf9Jx5BcHkAA=",
        "owner": "Flowseal",
        "repo": "tg-ws-proxy",
        "rev": "548ec05fc51678d149dc89df4ba795d457b11192",
        "type": "github"
      },
      "original": {
        "owner": "Flowseal",
        "repo": "tg-ws-proxy",
        "type": "github"
      }
    },
    "tmux-config": {
      "locked": {
        "lastModified": 1780571668,
        "narHash": "sha256-gRooYdCRhn0x0hyHHiksViHD562M3hv+OFOVyU/0rH0=",
        "owner": "qFioofa",
        "repo": "qFioofa-tmux",
        "rev": "3fe834303eb129297656fe1058d602dcee5f2ea5",
        "type": "github"
      },
      "original": {
        "owner": "qFioofa",
        "repo": "qFioofa-tmux",
        "type": "github"
      }
    },
    "wezterm-config": {
      "locked": {
        "lastModified": 1780569986,
        "narHash": "sha256-gjqU5uoCKoY5LPUAEYMN8TSqTGzNSD9V7MmFIA+bUmg=",
        "owner": "qFioofa",
        "repo": "qFioofa-wezterm",
        "rev": "217f002f926dac1968dea07755dad7e0f2d977db",
        "type": "github"
      },
      "original": {
        "owner": "qFioofa",
        "repo": "qFioofa-wezterm",
        "type": "github"
      }
    },
    "xwayland-satellite-stable": {
      "flake": false,
      "locked": {
        "lastModified": 1755491097,
        "narHash": "sha256-m+9tUfsmBeF2Gn4HWa6vSITZ4Gz1eA1F5Kh62B0N4oE=",
        "owner": "Supreeeme",
        "repo": "xwayland-satellite",
        "rev": "388d291e82ffbc73be18169d39470f340707edaa",
        "type": "github"
      },
      "original": {
        "owner": "Supreeeme",
        "ref": "v0.7",
        "repo": "xwayland-satellite",
        "type": "github"
      }
    },
    "xwayland-satellite-unstable": {
      "flake": false,
      "locked": {
        "lastModified": 1779745227,
        "narHash": "sha256-yqY7RtEJGJiENzR0GwL6q69tSAy6xAAmAcLuIhLjPf8=",
        "owner": "Supreeeme",
        "repo": "xwayland-satellite",
        "rev": "5d1efbc9dc3ab1c10160b656e0247f3325daf0f2",
        "type": "github"
      },
      "original": {
        "owner": "Supreeeme",
        "repo": "xwayland-satellite",
        "type": "github"
      }
    },
    "zsh-config": {
      "locked": {
        "lastModified": 1781209276,
        "narHash": "sha256-Q8qot0vYFBqSf9C7HIZUY8eiUluYcEXIUcydz16Q5YI=",
        "owner": "qFioofa",
        "repo": "qFioofa-zsh",
        "rev": "516378f25dc5e7bab060bda1a914bea391d90e67",
        "type": "github"
      },
      "original": {
        "owner": "qFioofa",
        "repo": "qFioofa-zsh",
        "type": "github"
      }
    }
  },
  "root": "root",
  "version": 7
}
