{
  "nodes": {
    "ghostty-config": {
      "inputs": {
        "nixpkgs": "nixpkgs"
      },
      "locked": {
        "lastModified": 1781523103,
        "narHash": "sha256-2LxvVbpD10gqVED2GssgaJ0PezU2Kh5IP3DckkGIIJY=",
        "owner": "qFioofa",
        "repo": "qFioofa-Ghostty",
        "rev": "d69fe5841e6eb65d7e0d4b6c7b862b3e61c14a5f",
        "type": "github"
      },
      "original": {
        "owner": "qFioofa",
        "repo": "qFioofa-Ghostty",
        "type": "github"
      }
    },
    "home-manager": {
      "inputs": {
        "nixpkgs": [
          "nixpkgs"
        ]
      },
      "locked": {
        "lastModified": 1782166451,
        "narHash": "sha256-SA7LyrayyZBvtzZnesnSLV7haciFuVLeZaX2hd5v4j4=",
        "owner": "nix-community",
        "repo": "home-manager",
        "rev": "471a1d2f840eb7fcbdfd541d99c13a64096f46db",
        "type": "github"
      },
      "original": {
        "owner": "nix-community",
        "repo": "home-manager",
        "type": "github"
      }
    },
    "niri": {
      "inputs": {
        "niri-stable": "niri-stable",
        "niri-unstable": "niri-unstable",
        "nixpkgs": [
          "nixpkgs"
        ],
        "nixpkgs-stable": "nixpkgs-stable",
        "xwayland-satellite-stable": "xwayland-satellite-stable",
        "xwayland-satellite-unstable": "xwayland-satellite-unstable"
      },
      "locked": {
        "lastModified": 1781795508,
        "narHash": "sha256-VKrApQ3WCkEe9D8DbaeFjGqLAh7zqYGYjbQYtY5ikxc=",
        "owner": "sodiboo",
        "repo": "niri-flake",
        "rev": "493ce1e33e72f86312584f331c8cf52b3432ec99",
        "type": "github"
      },
      "original": {
        "owner": "sodiboo",
        "repo": "niri-flake",
        "type": "github"
      }
    },
    "niri-stable": {
      "flake": false,
      "locked": {
        "lastModified": 1756556321,
        "narHash": "sha256-RLD89dfjN0RVO86C/Mot0T7aduCygPGaYbog566F0Qo=",
        "owner": "YaLTeR",
        "repo": "niri",
        "rev": "01be0e65f4eb91a9cd624ac0b76aaeab765c7294",
        "type": "github"
      },
      "original": {
        "owner": "YaLTeR",
        "ref": "v25.08",
        "repo": "niri",
        "type": "github"
      }
    },
    "niri-unstable": {
      "flake": false,
      "locked": {
        "lastModified": 1781781064,
        "narHash": "sha256-Ii/koEm/sRyg65qbAQWqEgboSEIhdH0EL4KglAc14p0=",
        "owner": "YaLTeR",
        "repo": "niri",
        "rev": "49fc6117fd6c043adaa2ead316b82db5ed735d36",
        "type": "github"
      },
      "original": {
        "owner": "YaLTeR",
        "repo": "niri",
        "type": "github"
      }
    },
    "nixpkgs": {
      "locked": {
        "lastModified": 1780243769,
        "narHash": "sha256-x5UQuRsH3MqI0U9afaXSNqzTPSeZlRLvFAav2Ux1pNw=",
        "owner": "NixOS",
        "repo": "nixpkgs",
        "rev": "331800de5053fcebacf6813adb5db9c9dca22a0c",
        "type": "github"
      },
      "original": {
        "owner": "NixOS",
        "ref": "nixos-unstable",
        "repo": "nixpkgs",
        "type": "github"
      }
    },
    "nixpkgs-nvim": {
      "locked": {
        "lastModified": 1774610258,
        "narHash": "sha256-HaThtroVD9wRdx7KQk0B75JmFcXlMUoEdDFNOMOlsOs=",
        "owner": "NixOS",
        "repo": "nixpkgs",
        "rev": "832efc09b4caf6b4569fbf9dc01bec3082a00611",
        "type": "github"
      },
      "original": {
        "owner": "NixOS",
        "repo": "nixpkgs",
        "rev": "832efc09b4caf6b4569fbf9dc01bec3082a00611",
        "type": "github"
      }
    },
    "nixpkgs-nvim_2": {
      "locked": {
        "lastModified": 1774610258,
        "narHash": "sha256-HaThtroVD9wRdx7KQk0B75JmFcXlMUoEdDFNOMOlsOs=",
        "owner": "NixOS",
        "repo": "nixpkgs",
        "rev": "832efc09b4caf6b4569fbf9dc01bec3082a00611",
        "type": "github"
      },
      "original": {
        "owner": "NixOS",
        "repo": "nixpkgs",
        "rev": "832efc09b4caf6b4569fbf9dc01bec3082a00611",
        "type": "github"
      }
    },
    "nixpkgs-regreet": {
      "locked": {
        "lastModified": 1780749050,
        "narHash": "sha256-3av0pIjlOWQ6rDbNOmpUSvbNnJkGORQKKjb4LtCZsIY=",
        "owner": "NixOS",
        "repo": "nixpkgs",
        "rev": "a799d3e3886da994fa307f817a6bc705ae538eeb",
        "type": "github"
      },
      "original": {
        "owner": "NixOS",
        "repo": "nixpkgs",
        "rev": "a799d3e3886da994fa307f817a6bc705ae538eeb",
        "type": "github"
      }
    },
    "nixpkgs-stable": {
      "locked": {
        "lastModified": 1781509190,
        "narHash": "sha256-uJZs9Di8I6ciTp6jiojj0HzlNpBkud8ax5aT/O5aJkw=",
        "owner": "NixOS",
        "repo": "nixpkgs",
        "rev": "d6df3513510aa548c83868fd22bfddd0a8c0a0d4",
        "type": "github"
      },
      "original": {
        "owner": "NixOS",
        "ref": "nixos-25.11",
        "repo": "nixpkgs",
        "type": "github"
      }
    },
    "nixpkgs_2": {
      "locked": {
        "lastModified": 1781577229,
        "narHash": "sha256-lrp67w8AulE9Ks53n27I45ADSzbOCn4H+CNW1Ck8B+8=",
        "owner": "NixOS",
        "repo": "nixpkgs",
        "rev": "567a49d1913ce81ac6e9582e3553dd90a955875f",
        "type": "github"
      },
      "original": {
        "owner": "NixOS",
        "ref": "nixos-unstable",
        "repo": "nixpkgs",
        "type": "github"
      }
    },
    "nixpkgs_3": {
      "locked": {
        "lastModified": 1781074563,
        "narHash": "sha256-md8WlXOlfnIeHeOScMTTHFyf2d6iaTwPl2apR5EQ3P4=",
        "owner": "NixOS",
        "repo": "nixpkgs",
        "rev": "9ae611a455b90cf061d8f332b977e387bda8e1ca",
        "type": "github"
      },
      "original": {
        "owner": "NixOS",
        "ref": "nixos-unstable",
        "repo": "nixpkgs",
        "type": "github"
      }
    },
    "nvim-config": {
      "inputs": {
        "nixpkgs": "nixpkgs_3",
        "nixpkgs-nvim": "nixpkgs-nvim_2"
      },
      "locked": {
        "lastModified": 1782212591,
        "narHash": "sha256-0pjcyjfQV3KkdTviKH7cBE3I6olbLgOVqQGPcwJ8zVc=",
        "owner": "qFioofa",
        "repo": "qFioofa-Nvim",
        "rev": "0b515ca642df34d3b0a92dbffdcd8a91f2b7047d",
        "type": "github"
      },
      "original": {
        "owner": "qFioofa",
        "repo": "qFioofa-Nvim",
        "type": "github"
      }
    },
    "root": {
      "inputs": {
        "ghostty-config": "ghostty-config",
        "home-manager": "home-manager",
        "niri": "niri",
        "nixpkgs": "nixpkgs_2",
        "nixpkgs-nvim": "nixpkgs-nvim",
        "nixpkgs-regreet": "nixpkgs-regreet",
        "nvim-config": "nvim-config",
        "tg-ws-proxy": "tg-ws-proxy",
        "tmux-config": "tmux-config",
        "wezterm-config": "wezterm-config",
        "zsh-config": "zsh-config"
      }
    },
    "tg-ws-proxy": {
      "inputs": {
        "nixpkgs": [
          "nixpkgs"
        ],
        "tg-ws-proxy-src": "tg-ws-proxy-src"
      },
      "locked": {
        "lastModified": 1776260769,
        "narHash": "sha256-9/aVUVEW/7aiq1QxUBR4o9Q9TV9lm6EZFQcBHvz/gdA=",
        "owner": "pialtor",
        "repo": "tg-ws-proxy-flake",
        "rev": "144a8670ce3d55fdca345c86f3351f72f357d4c8",
        "type": "github"
      },
      "original": {
        "owner": "pialtor",
        "repo": "tg-ws-proxy-flake",
        "type": "github"
      }
    },
    "tg-ws-proxy-src": {
      "flake": false,
      "locked": {
        "lastModified": 1776192974,
        "narHash": "sha256-xOzFclddqk5ILz2cp3It9aW7vR9+OoTgf9Jx5BcHkAA=",
        "owner": "Flowseal",
        "repo": "tg-ws-proxy",
        "rev": "548ec05fc51678d149dc89df4ba795d457b11192",
        "type": "github"
      },
      "original": {
        "owner": "Flowseal",
        "repo": "tg-ws-proxy",
        "type": "github"
      }
    },
    "tmux-config": {
      "locked": {
        "lastModified": 1780571668,
        "narHash": "sha256-gRooYdCRhn0x0hyHHiksViHD562M3hv+OFOVyU/0rH0=",
        "owner": "qFioofa",
        "repo": "qFioofa-tmux",
        "rev": "3fe834303eb129297656fe1058d602dcee5f2ea5",
        "type": "github"
      },
      "original": {
        "owner": "qFioofa",
        "repo": "qFioofa-tmux",
        "type": "github"
      }
    },
    "wezterm-config": {
      "locked": {
        "lastModified": 1780569986,
        "narHash": "sha256-gjqU5uoCKoY5LPUAEYMN8TSqTGzNSD9V7MmFIA+bUmg=",
        "owner": "qFioofa",
        "repo": "qFioofa-wezterm",
        "rev": "217f002f926dac1968dea07755dad7e0f2d977db",
        "type": "github"
      },
      "original": {
        "owner": "qFioofa",
        "repo": "qFioofa-wezterm",
        "type": "github"
      }
    },
    "xwayland-satellite-stable": {
      "flake": false,
      "locked": {
        "lastModified": 1755491097,
        "narHash": "sha256-m+9tUfsmBeF2Gn4HWa6vSITZ4Gz1eA1F5Kh62B0N4oE=",
        "owner": "Supreeeme",
        "repo": "xwayland-satellite",
        "rev": "388d291e82ffbc73be18169d39470f340707edaa",
        "type": "github"
      },
      "original": {
        "owner": "Supreeeme",
        "ref": "v0.7",
        "repo": "xwayland-satellite",
        "type": "github"
      }
    },
    "xwayland-satellite-unstable": {
      "flake": false,
      "locked": {
        "lastModified": 1781226823,
        "narHash": "sha256-28696iIw8uE0ZUyFTtzhEM8xMh85clCYypMxkvUi+sc=",
        "owner": "Supreeeme",
        "repo": "xwayland-satellite",
        "rev": "8575d0ef55d70f9b4c46b6bffb3accf912217e1e",
        "type": "github"
      },
      "original": {
        "owner": "Supreeeme",
        "repo": "xwayland-satellite",
        "type": "github"
      }
    },
    "zsh-config": {
      "locked": {
        "lastModified": 1781557450,
        "narHash": "sha256-l0zdtNYL4sJCylI7eH3Gu5ArlsG9SwNwu84Au7hIzbY=",
        "owner": "qFioofa",
        "repo": "qFioofa-zsh",
        "rev": "5459214aaf1d271ed4ee01525add822d99eb9959",
        "type": "github"
      },
      "original": {
        "owner": "qFioofa",
        "repo": "qFioofa-zsh",
        "type": "github"
      }
    }
  },
  "root": "root",
  "version": 7
}
